
Microsoft Visual Studio Solution File, Format Version 12.00
Project("{FAE04EC0-301F-11D3-BF4B-00C04F79EFBC}") = "ExConsoleAppHerancaPolimorfismo", "ExConsoleAppHerancaPolimorfismo\ExConsoleAppHerancaPolimorfismo.csproj", "{C3101797-BFBF-4E53-9183-DD4FF6C55684}"
EndProject
Project("{FAE04EC0-301F-11D3-BF4B-00C04F79EFBC}") = "MetodosAbstratos", "MetodosAbstratos\MetodosAbstratos.csproj", "{0F07D879-3F6C-4C6E-A0EB-0C0533BCB8AF}"
EndProject
Project("{FAE04EC0-301F-11D3-BF4B-00C04F79EFBC}") = "TratamentoDeExcecoes", "TratamentoDeExcecoes\TratamentoDeExcecoes.csproj", "{86B57C1C-13BE-45AE-B939-F68B335AD8B2}"
EndProject
Global
	GlobalSection(SolutionConfigurationPlatforms) = preSolution
		Debug|Any CPU = Debug|Any CPU
		Release|Any CPU = Release|Any CPU
	EndGlobalSection
	GlobalSection(ProjectConfigurationPlatforms) = postSolution
		{C3101797-BFBF-4E53-9183-DD4FF6C55684}.Debug|Any CPU.ActiveCfg = Debug|Any CPU
		{C3101797-BFBF-4E53-9183-DD4FF6C55684}.Debug|Any CPU.Build.0 = Debug|Any CPU
		{C3101797-BFBF-4E53-9183-DD4FF6C55684}.Release|Any CPU.ActiveCfg = Release|Any CPU
		{C3101797-BFBF-4E53-9183-DD4FF6C55684}.Release|Any CPU.Build.0 = Release|Any CPU
		{0F07D879-3F6C-4C6E-A0EB-0C0533BCB8AF}.Debug|Any CPU.ActiveCfg = Debug|Any CPU
		{0F07D879-3F6C-4C6E-A0EB-0C0533BCB8AF}.Debug|Any CPU.Build.0 = Debug|Any CPU
		{0F07D879-3F6C-4C6E-A0EB-0C0533BCB8AF}.Release|Any CPU.ActiveCfg = Release|Any CPU
		{0F07D879-3F6C-4C6E-A0EB-0C0533BCB8AF}.Release|Any CPU.Build.0 = Release|Any CPU
		{86B57C1C-13BE-45AE-B939-F68B335AD8B2}.Debug|Any CPU.ActiveCfg = Debug|Any CPU
		{86B57C1C-13BE-45AE-B939-F68B335AD8B2}.Debug|Any CPU.Build.0 = Debug|Any CPU
		{86B57C1C-13BE-45AE-B939-F68B335AD8B2}.Release|Any CPU.ActiveCfg = Release|Any CPU
		{86B57C1C-13BE-45AE-B939-F68B335AD8B2}.Release|Any CPU.Build.0 = Release|Any CPU
	EndGlobalSection
EndGlobal
